
Microsoft Visual Studio Solution File, Format Version 12.00
# Visual Studio Version 16
VisualStudioVersion = 16.0.30320.27
MinimumVisualStudioVersion = 10.0.40219.1
Project("{FAE04EC0-301F-11D3-BF4B-00C04F79EFBC}") = "Farmers Market", "Farmers Market\Farmers Market.csproj", "{53E5A039-07E6-4475-AFA8-176CCE00F80C}"
EndProject
Global
	GlobalSection(SolutionConfigurationPlatforms) = preSolution
		Debug|Any CPU = Debug|Any CPU
		Release|Any CPU = Release|Any CPU
	EndGlobalSection
	GlobalSection(ProjectConfigurationPlatforms) = postSolution
		{53E5A039-07E6-4475-AFA8-176CCE00F80C}.Debug|Any CPU.ActiveCfg = Debug|Any CPU
		{53E5A039-07E6-4475-AFA8-176CCE00F80C}.Debug|Any CPU.Build.0 = Debug|Any CPU
		{53E5A039-07E6-4475-AFA8-176CCE00F80C}.Release|Any CPU.ActiveCfg = Release|Any CPU
		{53E5A039-07E6-4475-AFA8-176CCE00F80C}.Release|Any CPU.Build.0 = Release|Any CPU
	EndGlobalSection
	GlobalSection(SolutionProperties) = preSolution
		HideSolutionNode = FALSE
	EndGlobalSection
	GlobalSection(ExtensibilityGlobals) = postSolution
		SolutionGuid = {5BA06A55-1C28-495D-AD6E-65EF97A62A42}
	EndGlobalSection
EndGlobal
