
Microsoft Visual Studio Solution File, Format Version 12.00
# Visual Studio Version 16
VisualStudioVersion = 16.0.30320.27
MinimumVisualStudioVersion = 10.0.40219.1
Project("{FAE04EC0-301F-11D3-BF4B-00C04F79EFBC}") = "Farmers Market", "Farmers Market\Farmers Market.csproj", "{73DCC327-53AE-48F5-952E-2CD87B26EDCD}"
EndProject
Global
	GlobalSection(SolutionConfigurationPlatforms) = preSolution
		Debug|Any CPU = Debug|Any CPU
		Release|Any CPU = Release|Any CPU
	EndGlobalSection
	GlobalSection(ProjectConfigurationPlatforms) = postSolution
		{73DCC327-53AE-48F5-952E-2CD87B26EDCD}.Debug|Any CPU.ActiveCfg = Debug|Any CPU
		{73DCC327-53AE-48F5-952E-2CD87B26EDCD}.Debug|Any CPU.Build.0 = Debug|Any CPU
		{73DCC327-53AE-48F5-952E-2CD87B26EDCD}.Release|Any CPU.ActiveCfg = Release|Any CPU
		{73DCC327-53AE-48F5-952E-2CD87B26EDCD}.Release|Any CPU.Build.0 = Release|Any CPU
	EndGlobalSection
	GlobalSection(SolutionProperties) = preSolution
		HideSolutionNode = FALSE
	EndGlobalSection
	GlobalSection(ExtensibilityGlobals) = postSolution
		SolutionGuid = {4F28C400-6387-493F-AC49-9379E9D1586E}
	EndGlobalSection
EndGlobal
